
Microsoft Visual Studio Solution File, Format Version 12.00
Project("{FAE04EC0-301F-11D3-BF4B-00C04F79EFBC}") = "WifiCode", "WifiCode\WifiCode.csproj", "{1903450C-8293-4FA1-9714-FC9F5B794563}"
EndProject
Global
	GlobalSection(SolutionConfigurationPlatforms) = preSolution
		Debug|Any CPU = Debug|Any CPU
		Release|Any CPU = Release|Any CPU
	EndGlobalSection
	GlobalSection(ProjectConfigurationPlatforms) = postSolution
		{1903450C-8293-4FA1-9714-FC9F5B794563}.Debug|Any CPU.ActiveCfg = Debug|Any CPU
		{1903450C-8293-4FA1-9714-FC9F5B794563}.Debug|Any CPU.Build.0 = Debug|Any CPU
		{1903450C-8293-4FA1-9714-FC9F5B794563}.Release|Any CPU.ActiveCfg = Release|Any CPU
		{1903450C-8293-4FA1-9714-FC9F5B794563}.Release|Any CPU.Build.0 = Release|Any CPU
	EndGlobalSection
EndGlobal
